{
  "name": "demo",
  "version": "1.0.0",
  "lockfileVersion": 3,
  "requires": true,
  "packages": {
    "": {
      "name": "demo",
      "version": "1.0.0",
      "license": "MIT",
      "dependencies": {
        "@permaweb/ao-loader": "^0.0.28"
      }
    },
    "node_modules/@permaweb/ao-loader": {
      "version": "0.0.28",
      "resolved": "https://registry.npmjs.org/@permaweb/ao-loader/-/ao-loader-0.0.28.tgz",
      "integrity": "sha512-iOU+b6U0/xPg/Lq/ADQsku2YlimX7Vhsuf/Hp5TvqihGckPQoDEno4Iax1s5doi4QYrtShHdxXtV4mbOq+sJPg==",
      "engines": {
        "node": ">=18"
      }
    }
  }
}
