{
  "name": "demo",
  "version": "1.0.0",
  "lockfileVersion": 3,
  "requires": true,
  "packages": {
    "": {
      "name": "demo",
      "version": "1.0.0",
      "license": "MIT",
      "dependencies": {
        "@permaweb/ao-loader": "^0.0.29"
      }
    },
    "node_modules/@permaweb/ao-loader": {
      "version": "0.0.29",
      "resolved": "https://registry.npmjs.org/@permaweb/ao-loader/-/ao-loader-0.0.29.tgz",
      "integrity": "sha512-uXPwPmqNMT7EYeB8v/eiWKqL1xy0pKMu4mM/pe5bb8UYnkgqZWrFZ8wfMcnJhftzplL0oEd0CfHdomyYFUJb0A==",
      "engines": {
        "node": ">=18"
      }
    }
  }
}
