# THIS IS AN AUTOGENERATED FILE. DO NOT EDIT THIS FILE DIRECTLY.
# yarn lockfile v1


"@permaweb/wasm-json-toolkit@^0.2.9":
  version "0.2.9"
  resolved "https://registry.yarnpkg.com/@permaweb/wasm-json-toolkit/-/wasm-json-toolkit-0.2.9.tgz#241cdf37c1690a751a73dd05987336142e5576d1"
  integrity sha512-CGCeUwS+UeqUdvORiyG0LykkQXLTwS5TWc590CUkDfOYyBUSPv8pse0sJStvTC9LKAzuNx3ELBvmqHCI4muUAA==
  dependencies:
    buffer-pipe "0.0.3"
    leb128 "0.0.4"
    safe-buffer "^5.1.2"

"@permaweb/wasm-metering@^0.2.2":
  version "0.2.2"
  resolved "https://registry.yarnpkg.com/@permaweb/wasm-metering/-/wasm-metering-0.2.2.tgz#a854c485d9ddbbefb4a17a3692822b696d54a2c7"
  integrity sha512-xM2MbPkHc4rzhTR6VH5eXtfC+liaYSuNCa0kPRaqSZO2gr1SirJWnzUBDa5VOfTBTgIlIVv5RW+Mkbt/VuK+oA==
  dependencies:
    "@permaweb/wasm-json-toolkit" "^0.2.9"
    leb128 "^0.0.4"

bn.js@^4.11.6, bn.js@^4.11.8:
  version "4.12.0"
  resolved "https://registry.yarnpkg.com/bn.js/-/bn.js-4.12.0.tgz#775b3f278efbb9718eec7361f483fb36fbbfea88"
  integrity sha512-c98Bf3tPniI+scsdk237ku1Dc3ujXQTSgyiPUDEOe7tRkhrqridvh8klBv0HCEso1OLOYcHuCv/cS6DNxKH+ZA==

buffer-pipe@0.0.0:
  version "0.0.0"
  resolved "https://registry.yarnpkg.com/buffer-pipe/-/buffer-pipe-0.0.0.tgz#186ec257d696e8e74c3051160a0e9e9a9811a387"
  integrity sha512-PvKbsvQOH4dcUyUEvQQSs3CIkkuPcOHt3gKnXwf4HsPKFDxSN7bkmICVIWgOmW/jx/fAEGGn4mIayIJPLs7G8g==
  dependencies:
    safe-buffer "^5.1.1"

buffer-pipe@0.0.2:
  version "0.0.2"
  resolved "https://registry.yarnpkg.com/buffer-pipe/-/buffer-pipe-0.0.2.tgz#960678ab517ca926dc1bfe231f402cbe2fe74442"
  integrity sha512-YlqzbWVqMv+xEeRyg0OXAJym3zAFTAIuku9l7okwxOXNDxbmSlL5o3QaF5k6IQ2iHO9o1OCo6tT4UkrQkI5VbQ==
  dependencies:
    safe-buffer "^5.1.1"

buffer-pipe@0.0.3:
  version "0.0.3"
  resolved "https://registry.yarnpkg.com/buffer-pipe/-/buffer-pipe-0.0.3.tgz#242197681d4591e7feda213336af6c07a5ce2409"
  integrity sha512-GlxfuD/NrKvCNs0Ut+7b1IHjylfdegMBxQIlZHj7bObKVQBxB5S84gtm2yu1mQ8/sSggceWBDPY0cPXgvX2MuA==
  dependencies:
    safe-buffer "^5.1.2"

leb128@0.0.4, leb128@^0.0.4:
  version "0.0.4"
  resolved "https://registry.yarnpkg.com/leb128/-/leb128-0.0.4.tgz#f96d698cf3ba5b677423abfe50b7e9b2df1463ff"
  integrity sha512-2zejk0fCIgY8RVcc/KzvyfpDio5Oo8HgPZmkrOmdwmbk0KpKpgD+JKwikxKk8cZYkANIhwHK50SNukkCm3XkCQ==
  dependencies:
    bn.js "^4.11.6"
    buffer-pipe "0.0.0"

safe-buffer@^5.1.1, safe-buffer@^5.1.2:
  version "5.2.1"
  resolved "https://registry.yarnpkg.com/safe-buffer/-/safe-buffer-5.2.1.tgz#1eaf9fa9bdb1fdd4ec75f58f9cdb4e6b7827eec6"
  integrity sha512-rp3So07KcdmmKbGvgaNxQSJr7bGVSVk5S9Eq1F+ppbRo70+YeaDxkw5Dd8NPN+GD6bjnYm2VuPuCXmpuYvmCXQ==

wasm-json-toolkit@0.2.3:
  version "0.2.3"
  resolved "https://registry.yarnpkg.com/wasm-json-toolkit/-/wasm-json-toolkit-0.2.3.tgz#51207da907a343152b02d0e97ee30c4a6e9f2308"
  integrity sha512-W0pESOST9hHFEmHq9kzMxAEhcPYuASdYCDw4FavKSyQKh3uOmH2slRXR/MhTKJY+gp1AauUDNd9DeE0cS4bV4A==
  dependencies:
    bn.js "^4.11.8"
    buffer-pipe "0.0.2"
    leb128 "0.0.4"
    safe-buffer "^5.1.1"

wasm-metering@^0.2.1:
  version "0.2.1"
  resolved "https://registry.yarnpkg.com/wasm-metering/-/wasm-metering-0.2.1.tgz#08220896e5e74b4ee3286636fd31d84e40544083"
  integrity sha512-YDlTPY4jspknNyDaVBQhLTuTYBh+39qI0P9F0grmR88NR4oh7qfgpTwZ2ly4oX2hHCj9KlIwhy2Yyez+3/wY2Q==
  dependencies:
    leb128 "^0.0.4"
    wasm-json-toolkit "0.2.3"
